
Microsoft Visual Studio Solution File, Format Version 12.00
# Visual Studio Version 17
VisualStudioVersion = 17.1.32414.318
MinimumVisualStudioVersion = 10.0.40219.1
Project("{9A19103F-16F7-4668-BE54-9A1E7A4F7556}") = "PasswordManager.API", "PasswordManager.API\PasswordManager.API.csproj", "{FE835D3F-AFD6-46FA-8933-BD850AB36745}"
EndProject
Project("{9A19103F-16F7-4668-BE54-9A1E7A4F7556}") = "PasswordManager.Entities", "PasswordManager.Entities\PasswordManager.Entities.csproj", "{D5A0300E-465B-467A-9B97-903D7702B07B}"
EndProject
Project("{9A19103F-16F7-4668-BE54-9A1E7A4F7556}") = "PasswordManager.Presistance", "PasswordManager.Presistance\PasswordManager.Presistance.csproj", "{903BA874-09ED-4B6A-9020-81C1E29061E9}"
EndProject
Project("{9A19103F-16F7-4668-BE54-9A1E7A4F7556}") = "PasswordManager.Core", "PasswordManager.Core\PasswordManager.Core.csproj", "{4C859744-E7AC-47B7-BEA5-648155B9A975}"
EndProject
Project("{9A19103F-16F7-4668-BE54-9A1E7A4F7556}") = "PasswordManager.Common", "PasswordManager.Common\PasswordManager.Common.csproj", "{3307D4AC-2045-467D-A5E2-31AA3FEF0353}"
EndProject
Global
	GlobalSection(SolutionConfigurationPlatforms) = preSolution
		Debug|Any CPU = Debug|Any CPU
		Release|Any CPU = Release|Any CPU
	EndGlobalSection
	GlobalSection(ProjectConfigurationPlatforms) = postSolution
		{FE835D3F-AFD6-46FA-8933-BD850AB36745}.Debug|Any CPU.ActiveCfg = Debug|Any CPU
		{FE835D3F-AFD6-46FA-8933-BD850AB36745}.Debug|Any CPU.Build.0 = Debug|Any CPU
		{FE835D3F-AFD6-46FA-8933-BD850AB36745}.Release|Any CPU.ActiveCfg = Release|Any CPU
		{FE835D3F-AFD6-46FA-8933-BD850AB36745}.Release|Any CPU.Build.0 = Release|Any CPU
		{D5A0300E-465B-467A-9B97-903D7702B07B}.Debug|Any CPU.ActiveCfg = Debug|Any CPU
		{D5A0300E-465B-467A-9B97-903D7702B07B}.Debug|Any CPU.Build.0 = Debug|Any CPU
		{D5A0300E-465B-467A-9B97-903D7702B07B}.Release|Any CPU.ActiveCfg = Release|Any CPU
		{D5A0300E-465B-467A-9B97-903D7702B07B}.Release|Any CPU.Build.0 = Release|Any CPU
		{903BA874-09ED-4B6A-9020-81C1E29061E9}.Debug|Any CPU.ActiveCfg = Debug|Any CPU
		{903BA874-09ED-4B6A-9020-81C1E29061E9}.Debug|Any CPU.Build.0 = Debug|Any CPU
		{903BA874-09ED-4B6A-9020-81C1E29061E9}.Release|Any CPU.ActiveCfg = Release|Any CPU
		{903BA874-09ED-4B6A-9020-81C1E29061E9}.Release|Any CPU.Build.0 = Release|Any CPU
		{4C859744-E7AC-47B7-BEA5-648155B9A975}.Debug|Any CPU.ActiveCfg = Debug|Any CPU
		{4C859744-E7AC-47B7-BEA5-648155B9A975}.Debug|Any CPU.Build.0 = Debug|Any CPU
		{4C859744-E7AC-47B7-BEA5-648155B9A975}.Release|Any CPU.ActiveCfg = Release|Any CPU
		{4C859744-E7AC-47B7-BEA5-648155B9A975}.Release|Any CPU.Build.0 = Release|Any CPU
		{3307D4AC-2045-467D-A5E2-31AA3FEF0353}.Debug|Any CPU.ActiveCfg = Debug|Any CPU
		{3307D4AC-2045-467D-A5E2-31AA3FEF0353}.Debug|Any CPU.Build.0 = Debug|Any CPU
		{3307D4AC-2045-467D-A5E2-31AA3FEF0353}.Release|Any CPU.ActiveCfg = Release|Any CPU
		{3307D4AC-2045-467D-A5E2-31AA3FEF0353}.Release|Any CPU.Build.0 = Release|Any CPU
	EndGlobalSection
	GlobalSection(SolutionProperties) = preSolution
		HideSolutionNode = FALSE
	EndGlobalSection
	GlobalSection(ExtensibilityGlobals) = postSolution
		SolutionGuid = {944CA5A6-E092-4B73-B120-B994EDAF15FB}
	EndGlobalSection
EndGlobal
